{
  "name": "Garnuch",
  "lockfileVersion": 3,
  "requires": true,
  "packages": {
    "": {
      "dependencies": {
        "@paypal/react-paypal-js": "^8.8.3",
        "js-cookie": "^3.0.5",
        "prop-types": "^15.8.1",
        "react-github-login": "^1.0.3",
        "react-icons": "^5.5.0",
        "react-paypal-js": "^0.0.1-security"
      }
    },
    "node_modules/@paypal/paypal-js": {
      "version": "8.2.0",
      "resolved": "https://registry.npmjs.org/@paypal/paypal-js/-/paypal-js-8.2.0.tgz",
      "integrity": "sha512-hLg5wNORW3WiyMiRNJOm6cN2IqjPlClpxd971bEdm0LNpbbejQZYtesb0/0arTnySSbGcxg7MxjkZ/N5Z5qBNQ==",
      "license": "Apache-2.0",
      "dependencies": {
        "promise-polyfill": "^8.3.0"
      }
    },
    "node_modules/@paypal/react-paypal-js": {
      "version": "8.8.3",
      "resolved": "https://registry.npmjs.org/@paypal/react-paypal-js/-/react-paypal-js-8.8.3.tgz",
      "integrity": "sha512-H5s3EU7S+RFaLad3BmV9nSAmD3iaJI14mCtbngpqMm4ruMNGHjOTaSTX3jAAk/ghmzGAda2GMfyiYondO4F21Q==",
      "license": "Apache-2.0",
      "dependencies": {
        "@paypal/paypal-js": "^8.1.2",
        "@paypal/sdk-constants": "^1.0.122"
      },
      "peerDependencies": {
        "react": "^16.8.0 || ^17 || ^18 || ^19",
        "react-dom": "^16.8.0 || ^17 || ^18 || ^19"
      }
    },
    "node_modules/@paypal/sdk-constants": {
      "version": "1.0.153",
      "resolved": "https://registry.npmjs.org/@paypal/sdk-constants/-/sdk-constants-1.0.153.tgz",
      "integrity": "sha512-wrPXK9ckwYBOOLyHfsGGtYjf9vOQgPSOh08DEeGRr/KBamQgvHYEG2soSMPlJuLfker32n1x5wvnWCcYP+ea9w==",
      "license": "Apache-2.0",
      "dependencies": {
        "hi-base32": "^0.5.0"
      }
    },
    "node_modules/hi-base32": {
      "version": "0.5.1",
      "resolved": "https://registry.npmjs.org/hi-base32/-/hi-base32-0.5.1.tgz",
      "integrity": "sha512-EmBBpvdYh/4XxsnUybsPag6VikPYnN30td+vQk+GI3qpahVEG9+gTkG0aXVxTjBqQ5T6ijbWIu77O+C5WFWsnA==",
      "license": "MIT"
    },
    "node_modules/js-cookie": {
      "version": "3.0.5",
      "resolved": "https://registry.npmjs.org/js-cookie/-/js-cookie-3.0.5.tgz",
      "integrity": "sha512-cEiJEAEoIbWfCZYKWhVwFuvPX1gETRYPw6LlaTKoxD3s2AkXzkCjnp6h0V77ozyqj0jakteJ4YqDJT830+lVGw==",
      "license": "MIT",
      "engines": {
        "node": ">=14"
      }
    },
    "node_modules/js-tokens": {
      "version": "4.0.0",
      "resolved": "https://registry.npmjs.org/js-tokens/-/js-tokens-4.0.0.tgz",
      "integrity": "sha512-RdJUflcE3cUzKiMqQgsCu06FPu9UdIJO0beYbPhHN4k6apgJtifcoCtT9bcxOpYBtpD2kCM6Sbzg4CausW/PKQ==",
      "license": "MIT"
    },
    "node_modules/loose-envify": {
      "version": "1.4.0",
      "resolved": "https://registry.npmjs.org/loose-envify/-/loose-envify-1.4.0.tgz",
      "integrity": "sha512-lyuxPGr/Wfhrlem2CL/UcnUc1zcqKAImBDzukY7Y5F/yQiNdko6+fRLevlw1HgMySw7f611UIY408EtxRSoK3Q==",
      "license": "MIT",
      "dependencies": {
        "js-tokens": "^3.0.0 || ^4.0.0"
      },
      "bin": {
        "loose-envify": "cli.js"
      }
    },
    "node_modules/object-assign": {
      "version": "4.1.1",
      "resolved": "https://registry.npmjs.org/object-assign/-/object-assign-4.1.1.tgz",
      "integrity": "sha512-rJgTQnkUnH1sFw8yT6VSU3zD3sWmu6sZhIseY8VX+GRu3P6F7Fu+JNDoXfklElbLJSnc3FUQHVe4cU5hj+BcUg==",
      "license": "MIT",
      "engines": {
        "node": ">=0.10.0"
      }
    },
    "node_modules/promise-polyfill": {
      "version": "8.3.0",
      "resolved": "https://registry.npmjs.org/promise-polyfill/-/promise-polyfill-8.3.0.tgz",
      "integrity": "sha512-H5oELycFml5yto/atYqmjyigJoAo3+OXwolYiH7OfQuYlAqhxNvTfiNMbV9hsC6Yp83yE5r2KTVmtrG6R9i6Pg==",
      "license": "MIT"
    },
    "node_modules/prop-types": {
      "version": "15.8.1",
      "resolved": "https://registry.npmjs.org/prop-types/-/prop-types-15.8.1.tgz",
      "integrity": "sha512-oj87CgZICdulUohogVAR7AjlC0327U4el4L6eAvOqCeudMDVU0NThNaV+b9Df4dXgSP1gXMTnPdhfe/2qDH5cg==",
      "license": "MIT",
      "dependencies": {
        "loose-envify": "^1.4.0",
        "object-assign": "^4.1.1",
        "react-is": "^16.13.1"
      }
    },
    "node_modules/react-github-login": {
      "version": "1.0.3",
      "resolved": "https://registry.npmjs.org/react-github-login/-/react-github-login-1.0.3.tgz",
      "integrity": "sha512-SkXwkjUdTgXEISaQkC9+zR1Cm/AcDQSVon956SvPeBWL888A6e1M9eP8WfBxKyV1B5Fc8lLcC0OULr7OYWBqlw==",
      "license": "MIT",
      "peerDependencies": {
        "prop-types": "^15.5.10",
        "react": "^15.6.1"
      }
    },
    "node_modules/react-icons": {
      "version": "5.5.0",
      "resolved": "https://registry.npmjs.org/react-icons/-/react-icons-5.5.0.tgz",
      "integrity": "sha512-MEFcXdkP3dLo8uumGI5xN3lDFNsRtrjbOEKDLD7yv76v4wpnEq2Lt2qeHaQOr34I/wPN3s3+N08WkQ+CW37Xiw==",
      "license": "MIT",
      "peerDependencies": {
        "react": "*"
      }
    },
    "node_modules/react-is": {
      "version": "16.13.1",
      "resolved": "https://registry.npmjs.org/react-is/-/react-is-16.13.1.tgz",
      "integrity": "sha512-24e6ynE2H+OKt4kqsOvNd8kBpV65zoxbA4BVsEOB3ARVWQki/DHzaUoC5KuON/BiccDaCCTZBuOcfZs70kR8bQ==",
      "license": "MIT"
    },
    "node_modules/react-paypal-js": {
      "version": "0.0.1-security",
      "resolved": "https://registry.npmjs.org/react-paypal-js/-/react-paypal-js-0.0.1-security.tgz",
      "integrity": "sha512-mryql7EN5LyHtM0WmOE7bwlybGJBVpzXIg+fDPc8TwXs/jPkxm+MFoK35oNYPiBLZ8CHsdO0pNqyKet8McHXxg=="
    }
  }
}
